
Microsoft Visual Studio Solution File, Format Version 12.00
# Visual Studio Version 16
VisualStudioVersion = 16.0.32002.261
MinimumVisualStudioVersion = 10.0.40219.1
Project("{2150E333-8FDC-42A3-9474-1A3956D46DE8}") = "src", "src", "{ABC77BF6-5295-4579-AB7D-75118F0F1527}"
EndProject
Project("{2150E333-8FDC-42A3-9474-1A3956D46DE8}") = "Beginner", "Beginner", "{0AECABC7-EBEE-4ABB-9694-ACCE69B3309F}"
EndProject
Project("{2150E333-8FDC-42A3-9474-1A3956D46DE8}") = "Uri1001", "Uri1001", "{84CC01C9-7091-416A-8EBC-E017F285E659}"
EndProject
Project("{2150E333-8FDC-42A3-9474-1A3956D46DE8}") = "tests", "tests", "{66E672A8-873A-4A0D-960C-4F2B740DD114}"
EndProject
Project("{9A19103F-16F7-4668-BE54-9A1E7A4F7556}") = "Uri1001", "src\Beginner\Uri1001\Uri1001.csproj", "{3648B6DA-BE20-4593-A806-E7A493950DAA}"
EndProject
Project("{9A19103F-16F7-4668-BE54-9A1E7A4F7556}") = "Uri1001.Tests", "src\Beginner\Uri1001.Tests\Uri1001.Tests.csproj", "{9BB8F5AF-D06A-44ED-B9AF-25F1CA2DDB57}"
EndProject
Project("{9A19103F-16F7-4668-BE54-9A1E7A4F7556}") = "DefaultTest", "Tests\DefaultTest\DefaultTest.csproj", "{B940D271-148A-4823-A6A7-B3A96D927BBF}"
EndProject
Project("{2150E333-8FDC-42A3-9474-1A3956D46DE8}") = "AdHoc", "AdHoc", "{649C548A-7DAE-41B0-AA72-0C21657B1B7E}"
EndProject
Project("{2150E333-8FDC-42A3-9474-1A3956D46DE8}") = "Uri1026", "Uri1026", "{E42A7175-71A0-42D4-A37D-416883E7EC2D}"
EndProject
Project("{9A19103F-16F7-4668-BE54-9A1E7A4F7556}") = "Uri1026", "src\AdHoc\Uri1026\Uri1026.csproj", "{6C0149FE-6B16-4AD1-9483-6F1D6E4C2F55}"
EndProject
Project("{9A19103F-16F7-4668-BE54-9A1E7A4F7556}") = "Uri1026.Tests", "src\AdHoc\Uri1026.Tests\Uri1026.Tests.csproj", "{FC3B749B-FC1F-463C-B403-3F9332ABCACE}"
EndProject
Project("{9A19103F-16F7-4668-BE54-9A1E7A4F7556}") = "Uri1026.Bench", "src\AdHoc\Uri1026.Bench\Uri1026.Bench.csproj", "{51245EB2-AF35-41D8-BF18-CD2EB7A9CEC1}"
EndProject
Project("{2150E333-8FDC-42A3-9474-1A3956D46DE8}") = "DataStructuresAndLibraries", "DataStructuresAndLibraries", "{02E90116-2FA0-43AA-9165-F426B2702816}"
EndProject
Project("{9A19103F-16F7-4668-BE54-9A1E7A4F7556}") = "Uri1069", "src\DataStructuresAndLibraries\Uri1069\Uri1069.csproj", "{522A400A-D89C-4E90-AE41-26A40D8EFAC6}"
EndProject
Project("{2150E333-8FDC-42A3-9474-1A3956D46DE8}") = "Uri1069", "Uri1069", "{C082903C-7B18-484E-8837-D5A27E874F25}"
EndProject
Project("{9A19103F-16F7-4668-BE54-9A1E7A4F7556}") = "Uri1069.Tests", "src\DataStructuresAndLibraries\Uri1069.Tests\Uri1069.Tests.csproj", "{395BCE52-7676-485B-A91B-2713CD294EC4}"
EndProject
Project("{2150E333-8FDC-42A3-9474-1A3956D46DE8}") = "Uri1789", "Uri1789", "{212440E6-049F-42C3-90A0-24B00D1B7115}"
EndProject
Project("{FAE04EC0-301F-11D3-BF4B-00C04F79EFBC}") = "Uri1789", "src\Beginner\Uri1789\Uri1789\Uri1789.csproj", "{0BF9FBF6-3AB2-4C16-83C2-FDBBC9C9874A}"
EndProject
Project("{FAE04EC0-301F-11D3-BF4B-00C04F79EFBC}") = "Uri1789.Tests", "src\Beginner\Uri1789.Tests\Uri1789.Tests.csproj", "{253DF7BE-9A2C-4025-937D-2F3F1514A421}"
EndProject
Global
	GlobalSection(SolutionConfigurationPlatforms) = preSolution
		Debug|Any CPU = Debug|Any CPU
		Release|Any CPU = Release|Any CPU
	EndGlobalSection
	GlobalSection(ProjectConfigurationPlatforms) = postSolution
		{3648B6DA-BE20-4593-A806-E7A493950DAA}.Debug|Any CPU.ActiveCfg = Debug|Any CPU
		{3648B6DA-BE20-4593-A806-E7A493950DAA}.Debug|Any CPU.Build.0 = Debug|Any CPU
		{3648B6DA-BE20-4593-A806-E7A493950DAA}.Release|Any CPU.ActiveCfg = Release|Any CPU
		{3648B6DA-BE20-4593-A806-E7A493950DAA}.Release|Any CPU.Build.0 = Release|Any CPU
		{9BB8F5AF-D06A-44ED-B9AF-25F1CA2DDB57}.Debug|Any CPU.ActiveCfg = Debug|Any CPU
		{9BB8F5AF-D06A-44ED-B9AF-25F1CA2DDB57}.Debug|Any CPU.Build.0 = Debug|Any CPU
		{9BB8F5AF-D06A-44ED-B9AF-25F1CA2DDB57}.Release|Any CPU.ActiveCfg = Release|Any CPU
		{9BB8F5AF-D06A-44ED-B9AF-25F1CA2DDB57}.Release|Any CPU.Build.0 = Release|Any CPU
		{B940D271-148A-4823-A6A7-B3A96D927BBF}.Debug|Any CPU.ActiveCfg = Debug|Any CPU
		{B940D271-148A-4823-A6A7-B3A96D927BBF}.Debug|Any CPU.Build.0 = Debug|Any CPU
		{B940D271-148A-4823-A6A7-B3A96D927BBF}.Release|Any CPU.ActiveCfg = Release|Any CPU
		{B940D271-148A-4823-A6A7-B3A96D927BBF}.Release|Any CPU.Build.0 = Release|Any CPU
		{6C0149FE-6B16-4AD1-9483-6F1D6E4C2F55}.Debug|Any CPU.ActiveCfg = Debug|Any CPU
		{6C0149FE-6B16-4AD1-9483-6F1D6E4C2F55}.Debug|Any CPU.Build.0 = Debug|Any CPU
		{6C0149FE-6B16-4AD1-9483-6F1D6E4C2F55}.Release|Any CPU.ActiveCfg = Release|Any CPU
		{6C0149FE-6B16-4AD1-9483-6F1D6E4C2F55}.Release|Any CPU.Build.0 = Release|Any CPU
		{FC3B749B-FC1F-463C-B403-3F9332ABCACE}.Debug|Any CPU.ActiveCfg = Debug|Any CPU
		{FC3B749B-FC1F-463C-B403-3F9332ABCACE}.Debug|Any CPU.Build.0 = Debug|Any CPU
		{FC3B749B-FC1F-463C-B403-3F9332ABCACE}.Release|Any CPU.ActiveCfg = Release|Any CPU
		{FC3B749B-FC1F-463C-B403-3F9332ABCACE}.Release|Any CPU.Build.0 = Release|Any CPU
		{51245EB2-AF35-41D8-BF18-CD2EB7A9CEC1}.Debug|Any CPU.ActiveCfg = Debug|Any CPU
		{51245EB2-AF35-41D8-BF18-CD2EB7A9CEC1}.Debug|Any CPU.Build.0 = Debug|Any CPU
		{51245EB2-AF35-41D8-BF18-CD2EB7A9CEC1}.Release|Any CPU.ActiveCfg = Release|Any CPU
		{51245EB2-AF35-41D8-BF18-CD2EB7A9CEC1}.Release|Any CPU.Build.0 = Release|Any CPU
		{522A400A-D89C-4E90-AE41-26A40D8EFAC6}.Debug|Any CPU.ActiveCfg = Debug|Any CPU
		{522A400A-D89C-4E90-AE41-26A40D8EFAC6}.Debug|Any CPU.Build.0 = Debug|Any CPU
		{522A400A-D89C-4E90-AE41-26A40D8EFAC6}.Release|Any CPU.ActiveCfg = Release|Any CPU
		{522A400A-D89C-4E90-AE41-26A40D8EFAC6}.Release|Any CPU.Build.0 = Release|Any CPU
		{395BCE52-7676-485B-A91B-2713CD294EC4}.Debug|Any CPU.ActiveCfg = Debug|Any CPU
		{395BCE52-7676-485B-A91B-2713CD294EC4}.Debug|Any CPU.Build.0 = Debug|Any CPU
		{395BCE52-7676-485B-A91B-2713CD294EC4}.Release|Any CPU.ActiveCfg = Release|Any CPU
		{395BCE52-7676-485B-A91B-2713CD294EC4}.Release|Any CPU.Build.0 = Release|Any CPU
		{0BF9FBF6-3AB2-4C16-83C2-FDBBC9C9874A}.Debug|Any CPU.ActiveCfg = Debug|Any CPU
		{0BF9FBF6-3AB2-4C16-83C2-FDBBC9C9874A}.Debug|Any CPU.Build.0 = Debug|Any CPU
		{0BF9FBF6-3AB2-4C16-83C2-FDBBC9C9874A}.Release|Any CPU.ActiveCfg = Release|Any CPU
		{0BF9FBF6-3AB2-4C16-83C2-FDBBC9C9874A}.Release|Any CPU.Build.0 = Release|Any CPU
		{253DF7BE-9A2C-4025-937D-2F3F1514A421}.Debug|Any CPU.ActiveCfg = Debug|Any CPU
		{253DF7BE-9A2C-4025-937D-2F3F1514A421}.Debug|Any CPU.Build.0 = Debug|Any CPU
		{253DF7BE-9A2C-4025-937D-2F3F1514A421}.Release|Any CPU.ActiveCfg = Release|Any CPU
		{253DF7BE-9A2C-4025-937D-2F3F1514A421}.Release|Any CPU.Build.0 = Release|Any CPU
	EndGlobalSection
	GlobalSection(SolutionProperties) = preSolution
		HideSolutionNode = FALSE
	EndGlobalSection
	GlobalSection(NestedProjects) = preSolution
		{0AECABC7-EBEE-4ABB-9694-ACCE69B3309F} = {ABC77BF6-5295-4579-AB7D-75118F0F1527}
		{84CC01C9-7091-416A-8EBC-E017F285E659} = {0AECABC7-EBEE-4ABB-9694-ACCE69B3309F}
		{3648B6DA-BE20-4593-A806-E7A493950DAA} = {84CC01C9-7091-416A-8EBC-E017F285E659}
		{9BB8F5AF-D06A-44ED-B9AF-25F1CA2DDB57} = {84CC01C9-7091-416A-8EBC-E017F285E659}
		{B940D271-148A-4823-A6A7-B3A96D927BBF} = {66E672A8-873A-4A0D-960C-4F2B740DD114}
		{649C548A-7DAE-41B0-AA72-0C21657B1B7E} = {ABC77BF6-5295-4579-AB7D-75118F0F1527}
		{E42A7175-71A0-42D4-A37D-416883E7EC2D} = {649C548A-7DAE-41B0-AA72-0C21657B1B7E}
		{6C0149FE-6B16-4AD1-9483-6F1D6E4C2F55} = {E42A7175-71A0-42D4-A37D-416883E7EC2D}
		{FC3B749B-FC1F-463C-B403-3F9332ABCACE} = {E42A7175-71A0-42D4-A37D-416883E7EC2D}
		{51245EB2-AF35-41D8-BF18-CD2EB7A9CEC1} = {E42A7175-71A0-42D4-A37D-416883E7EC2D}
		{02E90116-2FA0-43AA-9165-F426B2702816} = {ABC77BF6-5295-4579-AB7D-75118F0F1527}
		{522A400A-D89C-4E90-AE41-26A40D8EFAC6} = {C082903C-7B18-484E-8837-D5A27E874F25}
		{C082903C-7B18-484E-8837-D5A27E874F25} = {02E90116-2FA0-43AA-9165-F426B2702816}
		{395BCE52-7676-485B-A91B-2713CD294EC4} = {C082903C-7B18-484E-8837-D5A27E874F25}
		{212440E6-049F-42C3-90A0-24B00D1B7115} = {0AECABC7-EBEE-4ABB-9694-ACCE69B3309F}
		{0BF9FBF6-3AB2-4C16-83C2-FDBBC9C9874A} = {212440E6-049F-42C3-90A0-24B00D1B7115}
		{253DF7BE-9A2C-4025-937D-2F3F1514A421} = {212440E6-049F-42C3-90A0-24B00D1B7115}
	EndGlobalSection
	GlobalSection(ExtensibilityGlobals) = postSolution
		SolutionGuid = {6106236B-E823-480F-863C-5E8BFF61C184}
	EndGlobalSection
EndGlobal
