
Microsoft Visual Studio Solution File, Format Version 12.00
# Visual Studio Version 16
VisualStudioVersion = 16.0.32002.261
MinimumVisualStudioVersion = 10.0.40219.1
Project("{2150E333-8FDC-42A3-9474-1A3956D46DE8}") = "src", "src", "{ABC77BF6-5295-4579-AB7D-75118F0F1527}"
EndProject
Project("{2150E333-8FDC-42A3-9474-1A3956D46DE8}") = "Beginner", "Beginner", "{0AECABC7-EBEE-4ABB-9694-ACCE69B3309F}"
EndProject
Project("{2150E333-8FDC-42A3-9474-1A3956D46DE8}") = "Uri1001", "Uri1001", "{84CC01C9-7091-416A-8EBC-E017F285E659}"
EndProject
Project("{2150E333-8FDC-42A3-9474-1A3956D46DE8}") = "tests", "tests", "{66E672A8-873A-4A0D-960C-4F2B740DD114}"
EndProject
Project("{9A19103F-16F7-4668-BE54-9A1E7A4F7556}") = "Uri1001", "src\Beginner\Uri1001\Uri1001.csproj", "{3648B6DA-BE20-4593-A806-E7A493950DAA}"
EndProject
Project("{9A19103F-16F7-4668-BE54-9A1E7A4F7556}") = "Uri1001.Tests", "src\Beginner\Uri1001.Tests\Uri1001.Tests.csproj", "{9BB8F5AF-D06A-44ED-B9AF-25F1CA2DDB57}"
EndProject
Project("{9A19103F-16F7-4668-BE54-9A1E7A4F7556}") = "DefaultTest", "Tests\DefaultTest\DefaultTest.csproj", "{B940D271-148A-4823-A6A7-B3A96D927BBF}"
EndProject
Project("{2150E333-8FDC-42A3-9474-1A3956D46DE8}") = "AdHoc", "AdHoc", "{649C548A-7DAE-41B0-AA72-0C21657B1B7E}"
EndProject
Project("{2150E333-8FDC-42A3-9474-1A3956D46DE8}") = "Uri1026", "Uri1026", "{E42A7175-71A0-42D4-A37D-416883E7EC2D}"
EndProject
Project("{9A19103F-16F7-4668-BE54-9A1E7A4F7556}") = "Uri1026", "src\AdHoc\Uri1026\Uri1026.csproj", "{6C0149FE-6B16-4AD1-9483-6F1D6E4C2F55}"
EndProject
Project("{9A19103F-16F7-4668-BE54-9A1E7A4F7556}") = "Uri1026.Tests", "src\AdHoc\Uri1026.Tests\Uri1026.Tests.csproj", "{FC3B749B-FC1F-463C-B403-3F9332ABCACE}"
EndProject
Project("{9A19103F-16F7-4668-BE54-9A1E7A4F7556}") = "Uri1026.Bench", "src\AdHoc\Uri1026.Bench\Uri1026.Bench.csproj", "{51245EB2-AF35-41D8-BF18-CD2EB7A9CEC1}"
EndProject
Project("{2150E333-8FDC-42A3-9474-1A3956D46DE8}") = "DataStructuresAndLibraries", "DataStructuresAndLibraries", "{02E90116-2FA0-43AA-9165-F426B2702816}"
EndProject
Project("{9A19103F-16F7-4668-BE54-9A1E7A4F7556}") = "Uri1069", "src\DataStructuresAndLibraries\Uri1069\Uri1069.csproj", "{522A400A-D89C-4E90-AE41-26A40D8EFAC6}"
EndProject
Project("{2150E333-8FDC-42A3-9474-1A3956D46DE8}") = "Uri1069", "Uri1069", "{C082903C-7B18-484E-8837-D5A27E874F25}"
EndProject
Project("{9A19103F-16F7-4668-BE54-9A1E7A4F7556}") = "Uri1069.Tests", "src\DataStructuresAndLibraries\Uri1069.Tests\Uri1069.Tests.csproj", "{395BCE52-7676-485B-A91B-2713CD294EC4}"
EndProject
Project("{2150E333-8FDC-42A3-9474-1A3956D46DE8}") = "Uri1789", "Uri1789", "{212440E6-049F-42C3-90A0-24B00D1B7115}"
EndProject
Project("{FAE04EC0-301F-11D3-BF4B-00C04F79EFBC}") = "Uri1789.Tests", "src\Beginner\Uri1789.Tests\Uri1789.Tests.csproj", "{253DF7BE-9A2C-4025-937D-2F3F1514A421}"
EndProject
Project("{2150E333-8FDC-42A3-9474-1A3956D46DE8}") = "Uri1087", "Uri1087", "{94D93087-BFFA-413D-834A-FE804AB4DCA8}"
EndProject
Project("{FAE04EC0-301F-11D3-BF4B-00C04F79EFBC}") = "Uri1087", "src\AdHoc\Uri1087\Uri1087.csproj", "{A2B131BC-9A47-48EC-A034-8866452E4D07}"
EndProject
Project("{FAE04EC0-301F-11D3-BF4B-00C04F79EFBC}") = "Uri1087.Tests", "src\AdHoc\Uri1087.Tests\Uri1087.Tests.csproj", "{598111C1-F764-4D6E-801B-5C0C7B6C5B4D}"
EndProject
Project("{2150E333-8FDC-42A3-9474-1A3956D46DE8}") = "Uri1171", "Uri1171", "{5724D28B-647C-4D9E-9C33-7D4638F1E93C}"
EndProject
Project("{FAE04EC0-301F-11D3-BF4B-00C04F79EFBC}") = "Uri1171", "src\AdHoc\Uri1171\Uri1171.csproj", "{89B2FA8A-06C5-45E4-A7D9-5A4424B65986}"
EndProject
Project("{FAE04EC0-301F-11D3-BF4B-00C04F79EFBC}") = "Uri1171.Tests", "src\AdHoc\Uri1171.Tests\Uri1171.Tests.csproj", "{7BC279C3-FAA1-4759-8901-1135FC073315}"
EndProject
Project("{2150E333-8FDC-42A3-9474-1A3956D46DE8}") = "Uri1933", "Uri1933", "{FAC624F5-C24C-4CEA-B484-0D4B7714235B}"
EndProject
Project("{FAE04EC0-301F-11D3-BF4B-00C04F79EFBC}") = "Uri1933", "src\Beginner\Uri1933\Uri1933.csproj", "{40C85C42-92C9-417E-8E6F-3474E22B6993}"
EndProject
Project("{FAE04EC0-301F-11D3-BF4B-00C04F79EFBC}") = "Uri1933.Tests", "src\Beginner\Uri1933.Tests\Uri1933.Tests.csproj", "{FFFA7323-BD37-486C-8288-4EF9A8759282}"
EndProject
Project("{9A19103F-16F7-4668-BE54-9A1E7A4F7556}") = "Uri1789", "src\Beginner\Uri1789\Uri1789.csproj", "{8C289A9D-60E5-4230-B644-AE0F8781EA5C}"
EndProject
Project("{2150E333-8FDC-42A3-9474-1A3956D46DE8}") = "Paradigms", "Paradigms", "{7E7E4BAE-531D-4C5B-8CA5-512322DE28F5}"
EndProject
Project("{2150E333-8FDC-42A3-9474-1A3956D46DE8}") = "Uri1029", "Uri1029", "{5CC1EA1E-4EAC-4EBD-BBF0-B71E984B8A7E}"
EndProject
Project("{FAE04EC0-301F-11D3-BF4B-00C04F79EFBC}") = "Uri1029", "src\Paradigms\Uri1029\Uri1029.csproj", "{FA6FA8F3-9EEB-48F7-9176-E5BAFB3E2B7E}"
EndProject
Project("{FAE04EC0-301F-11D3-BF4B-00C04F79EFBC}") = "Uri1029.Tests", "src\Paradigms\Uri1029.Tests\Uri1029.Tests.csproj", "{7F4079BE-97FE-4B70-8B21-81CC2DED0611}"
EndProject
Project("{2150E333-8FDC-42A3-9474-1A3956D46DE8}") = "Uri2006", "Uri2006", "{A958A167-D605-4A4B-94CB-1AFC2FDEF3CE}"
EndProject
Project("{FAE04EC0-301F-11D3-BF4B-00C04F79EFBC}") = "Uri2006", "src\Beginner\Uri2006\Uri2006.csproj", "{62C1BDA4-479A-4782-8813-49CC0A0EC7C8}"
EndProject
Project("{FAE04EC0-301F-11D3-BF4B-00C04F79EFBC}") = "Uri2006.Tests", "src\Beginner\Uri2006.Tests\Uri2006.Tests.csproj", "{BBB66E62-876F-4364-8047-7D13F30254A8}"
EndProject
Global
	GlobalSection(SolutionConfigurationPlatforms) = preSolution
		Debug|Any CPU = Debug|Any CPU
		Release|Any CPU = Release|Any CPU
	EndGlobalSection
	GlobalSection(ProjectConfigurationPlatforms) = postSolution
		{3648B6DA-BE20-4593-A806-E7A493950DAA}.Debug|Any CPU.ActiveCfg = Debug|Any CPU
		{3648B6DA-BE20-4593-A806-E7A493950DAA}.Debug|Any CPU.Build.0 = Debug|Any CPU
		{3648B6DA-BE20-4593-A806-E7A493950DAA}.Release|Any CPU.ActiveCfg = Release|Any CPU
		{3648B6DA-BE20-4593-A806-E7A493950DAA}.Release|Any CPU.Build.0 = Release|Any CPU
		{9BB8F5AF-D06A-44ED-B9AF-25F1CA2DDB57}.Debug|Any CPU.ActiveCfg = Debug|Any CPU
		{9BB8F5AF-D06A-44ED-B9AF-25F1CA2DDB57}.Debug|Any CPU.Build.0 = Debug|Any CPU
		{9BB8F5AF-D06A-44ED-B9AF-25F1CA2DDB57}.Release|Any CPU.ActiveCfg = Release|Any CPU
		{9BB8F5AF-D06A-44ED-B9AF-25F1CA2DDB57}.Release|Any CPU.Build.0 = Release|Any CPU
		{B940D271-148A-4823-A6A7-B3A96D927BBF}.Debug|Any CPU.ActiveCfg = Debug|Any CPU
		{B940D271-148A-4823-A6A7-B3A96D927BBF}.Debug|Any CPU.Build.0 = Debug|Any CPU
		{B940D271-148A-4823-A6A7-B3A96D927BBF}.Release|Any CPU.ActiveCfg = Release|Any CPU
		{B940D271-148A-4823-A6A7-B3A96D927BBF}.Release|Any CPU.Build.0 = Release|Any CPU
		{6C0149FE-6B16-4AD1-9483-6F1D6E4C2F55}.Debug|Any CPU.ActiveCfg = Debug|Any CPU
		{6C0149FE-6B16-4AD1-9483-6F1D6E4C2F55}.Debug|Any CPU.Build.0 = Debug|Any CPU
		{6C0149FE-6B16-4AD1-9483-6F1D6E4C2F55}.Release|Any CPU.ActiveCfg = Release|Any CPU
		{6C0149FE-6B16-4AD1-9483-6F1D6E4C2F55}.Release|Any CPU.Build.0 = Release|Any CPU
		{FC3B749B-FC1F-463C-B403-3F9332ABCACE}.Debug|Any CPU.ActiveCfg = Debug|Any CPU
		{FC3B749B-FC1F-463C-B403-3F9332ABCACE}.Debug|Any CPU.Build.0 = Debug|Any CPU
		{FC3B749B-FC1F-463C-B403-3F9332ABCACE}.Release|Any CPU.ActiveCfg = Release|Any CPU
		{FC3B749B-FC1F-463C-B403-3F9332ABCACE}.Release|Any CPU.Build.0 = Release|Any CPU
		{51245EB2-AF35-41D8-BF18-CD2EB7A9CEC1}.Debug|Any CPU.ActiveCfg = Debug|Any CPU
		{51245EB2-AF35-41D8-BF18-CD2EB7A9CEC1}.Debug|Any CPU.Build.0 = Debug|Any CPU
		{51245EB2-AF35-41D8-BF18-CD2EB7A9CEC1}.Release|Any CPU.ActiveCfg = Release|Any CPU
		{51245EB2-AF35-41D8-BF18-CD2EB7A9CEC1}.Release|Any CPU.Build.0 = Release|Any CPU
		{522A400A-D89C-4E90-AE41-26A40D8EFAC6}.Debug|Any CPU.ActiveCfg = Debug|Any CPU
		{522A400A-D89C-4E90-AE41-26A40D8EFAC6}.Debug|Any CPU.Build.0 = Debug|Any CPU
		{522A400A-D89C-4E90-AE41-26A40D8EFAC6}.Release|Any CPU.ActiveCfg = Release|Any CPU
		{522A400A-D89C-4E90-AE41-26A40D8EFAC6}.Release|Any CPU.Build.0 = Release|Any CPU
		{395BCE52-7676-485B-A91B-2713CD294EC4}.Debug|Any CPU.ActiveCfg = Debug|Any CPU
		{395BCE52-7676-485B-A91B-2713CD294EC4}.Debug|Any CPU.Build.0 = Debug|Any CPU
		{395BCE52-7676-485B-A91B-2713CD294EC4}.Release|Any CPU.ActiveCfg = Release|Any CPU
		{395BCE52-7676-485B-A91B-2713CD294EC4}.Release|Any CPU.Build.0 = Release|Any CPU
		{253DF7BE-9A2C-4025-937D-2F3F1514A421}.Debug|Any CPU.ActiveCfg = Debug|Any CPU
		{253DF7BE-9A2C-4025-937D-2F3F1514A421}.Debug|Any CPU.Build.0 = Debug|Any CPU
		{253DF7BE-9A2C-4025-937D-2F3F1514A421}.Release|Any CPU.ActiveCfg = Release|Any CPU
		{253DF7BE-9A2C-4025-937D-2F3F1514A421}.Release|Any CPU.Build.0 = Release|Any CPU
		{A2B131BC-9A47-48EC-A034-8866452E4D07}.Debug|Any CPU.ActiveCfg = Debug|Any CPU
		{A2B131BC-9A47-48EC-A034-8866452E4D07}.Debug|Any CPU.Build.0 = Debug|Any CPU
		{A2B131BC-9A47-48EC-A034-8866452E4D07}.Release|Any CPU.ActiveCfg = Release|Any CPU
		{A2B131BC-9A47-48EC-A034-8866452E4D07}.Release|Any CPU.Build.0 = Release|Any CPU
		{598111C1-F764-4D6E-801B-5C0C7B6C5B4D}.Debug|Any CPU.ActiveCfg = Debug|Any CPU
		{598111C1-F764-4D6E-801B-5C0C7B6C5B4D}.Debug|Any CPU.Build.0 = Debug|Any CPU
		{598111C1-F764-4D6E-801B-5C0C7B6C5B4D}.Release|Any CPU.ActiveCfg = Release|Any CPU
		{598111C1-F764-4D6E-801B-5C0C7B6C5B4D}.Release|Any CPU.Build.0 = Release|Any CPU
		{89B2FA8A-06C5-45E4-A7D9-5A4424B65986}.Debug|Any CPU.ActiveCfg = Debug|Any CPU
		{89B2FA8A-06C5-45E4-A7D9-5A4424B65986}.Debug|Any CPU.Build.0 = Debug|Any CPU
		{89B2FA8A-06C5-45E4-A7D9-5A4424B65986}.Release|Any CPU.ActiveCfg = Release|Any CPU
		{89B2FA8A-06C5-45E4-A7D9-5A4424B65986}.Release|Any CPU.Build.0 = Release|Any CPU
		{7BC279C3-FAA1-4759-8901-1135FC073315}.Debug|Any CPU.ActiveCfg = Debug|Any CPU
		{7BC279C3-FAA1-4759-8901-1135FC073315}.Debug|Any CPU.Build.0 = Debug|Any CPU
		{7BC279C3-FAA1-4759-8901-1135FC073315}.Release|Any CPU.ActiveCfg = Release|Any CPU
		{7BC279C3-FAA1-4759-8901-1135FC073315}.Release|Any CPU.Build.0 = Release|Any CPU
		{40C85C42-92C9-417E-8E6F-3474E22B6993}.Debug|Any CPU.ActiveCfg = Debug|Any CPU
		{40C85C42-92C9-417E-8E6F-3474E22B6993}.Debug|Any CPU.Build.0 = Debug|Any CPU
		{40C85C42-92C9-417E-8E6F-3474E22B6993}.Release|Any CPU.ActiveCfg = Release|Any CPU
		{40C85C42-92C9-417E-8E6F-3474E22B6993}.Release|Any CPU.Build.0 = Release|Any CPU
		{FFFA7323-BD37-486C-8288-4EF9A8759282}.Debug|Any CPU.ActiveCfg = Debug|Any CPU
		{FFFA7323-BD37-486C-8288-4EF9A8759282}.Debug|Any CPU.Build.0 = Debug|Any CPU
		{FFFA7323-BD37-486C-8288-4EF9A8759282}.Release|Any CPU.ActiveCfg = Release|Any CPU
		{FFFA7323-BD37-486C-8288-4EF9A8759282}.Release|Any CPU.Build.0 = Release|Any CPU
		{8C289A9D-60E5-4230-B644-AE0F8781EA5C}.Debug|Any CPU.ActiveCfg = Debug|Any CPU
		{8C289A9D-60E5-4230-B644-AE0F8781EA5C}.Debug|Any CPU.Build.0 = Debug|Any CPU
		{8C289A9D-60E5-4230-B644-AE0F8781EA5C}.Release|Any CPU.ActiveCfg = Release|Any CPU
		{8C289A9D-60E5-4230-B644-AE0F8781EA5C}.Release|Any CPU.Build.0 = Release|Any CPU
		{FA6FA8F3-9EEB-48F7-9176-E5BAFB3E2B7E}.Debug|Any CPU.ActiveCfg = Debug|Any CPU
		{FA6FA8F3-9EEB-48F7-9176-E5BAFB3E2B7E}.Debug|Any CPU.Build.0 = Debug|Any CPU
		{FA6FA8F3-9EEB-48F7-9176-E5BAFB3E2B7E}.Release|Any CPU.ActiveCfg = Release|Any CPU
		{FA6FA8F3-9EEB-48F7-9176-E5BAFB3E2B7E}.Release|Any CPU.Build.0 = Release|Any CPU
		{7F4079BE-97FE-4B70-8B21-81CC2DED0611}.Debug|Any CPU.ActiveCfg = Debug|Any CPU
		{7F4079BE-97FE-4B70-8B21-81CC2DED0611}.Debug|Any CPU.Build.0 = Debug|Any CPU
		{7F4079BE-97FE-4B70-8B21-81CC2DED0611}.Release|Any CPU.ActiveCfg = Release|Any CPU
		{7F4079BE-97FE-4B70-8B21-81CC2DED0611}.Release|Any CPU.Build.0 = Release|Any CPU
		{62C1BDA4-479A-4782-8813-49CC0A0EC7C8}.Debug|Any CPU.ActiveCfg = Debug|Any CPU
		{62C1BDA4-479A-4782-8813-49CC0A0EC7C8}.Debug|Any CPU.Build.0 = Debug|Any CPU
		{62C1BDA4-479A-4782-8813-49CC0A0EC7C8}.Release|Any CPU.ActiveCfg = Release|Any CPU
		{62C1BDA4-479A-4782-8813-49CC0A0EC7C8}.Release|Any CPU.Build.0 = Release|Any CPU
		{BBB66E62-876F-4364-8047-7D13F30254A8}.Debug|Any CPU.ActiveCfg = Debug|Any CPU
		{BBB66E62-876F-4364-8047-7D13F30254A8}.Debug|Any CPU.Build.0 = Debug|Any CPU
		{BBB66E62-876F-4364-8047-7D13F30254A8}.Release|Any CPU.ActiveCfg = Release|Any CPU
		{BBB66E62-876F-4364-8047-7D13F30254A8}.Release|Any CPU.Build.0 = Release|Any CPU
	EndGlobalSection
	GlobalSection(SolutionProperties) = preSolution
		HideSolutionNode = FALSE
	EndGlobalSection
	GlobalSection(NestedProjects) = preSolution
		{0AECABC7-EBEE-4ABB-9694-ACCE69B3309F} = {ABC77BF6-5295-4579-AB7D-75118F0F1527}
		{84CC01C9-7091-416A-8EBC-E017F285E659} = {0AECABC7-EBEE-4ABB-9694-ACCE69B3309F}
		{3648B6DA-BE20-4593-A806-E7A493950DAA} = {84CC01C9-7091-416A-8EBC-E017F285E659}
		{9BB8F5AF-D06A-44ED-B9AF-25F1CA2DDB57} = {84CC01C9-7091-416A-8EBC-E017F285E659}
		{B940D271-148A-4823-A6A7-B3A96D927BBF} = {66E672A8-873A-4A0D-960C-4F2B740DD114}
		{649C548A-7DAE-41B0-AA72-0C21657B1B7E} = {ABC77BF6-5295-4579-AB7D-75118F0F1527}
		{E42A7175-71A0-42D4-A37D-416883E7EC2D} = {649C548A-7DAE-41B0-AA72-0C21657B1B7E}
		{6C0149FE-6B16-4AD1-9483-6F1D6E4C2F55} = {E42A7175-71A0-42D4-A37D-416883E7EC2D}
		{FC3B749B-FC1F-463C-B403-3F9332ABCACE} = {E42A7175-71A0-42D4-A37D-416883E7EC2D}
		{51245EB2-AF35-41D8-BF18-CD2EB7A9CEC1} = {E42A7175-71A0-42D4-A37D-416883E7EC2D}
		{02E90116-2FA0-43AA-9165-F426B2702816} = {ABC77BF6-5295-4579-AB7D-75118F0F1527}
		{522A400A-D89C-4E90-AE41-26A40D8EFAC6} = {C082903C-7B18-484E-8837-D5A27E874F25}
		{C082903C-7B18-484E-8837-D5A27E874F25} = {02E90116-2FA0-43AA-9165-F426B2702816}
		{395BCE52-7676-485B-A91B-2713CD294EC4} = {C082903C-7B18-484E-8837-D5A27E874F25}
		{212440E6-049F-42C3-90A0-24B00D1B7115} = {0AECABC7-EBEE-4ABB-9694-ACCE69B3309F}
		{253DF7BE-9A2C-4025-937D-2F3F1514A421} = {212440E6-049F-42C3-90A0-24B00D1B7115}
		{94D93087-BFFA-413D-834A-FE804AB4DCA8} = {649C548A-7DAE-41B0-AA72-0C21657B1B7E}
		{A2B131BC-9A47-48EC-A034-8866452E4D07} = {94D93087-BFFA-413D-834A-FE804AB4DCA8}
		{598111C1-F764-4D6E-801B-5C0C7B6C5B4D} = {94D93087-BFFA-413D-834A-FE804AB4DCA8}
		{5724D28B-647C-4D9E-9C33-7D4638F1E93C} = {649C548A-7DAE-41B0-AA72-0C21657B1B7E}
		{89B2FA8A-06C5-45E4-A7D9-5A4424B65986} = {5724D28B-647C-4D9E-9C33-7D4638F1E93C}
		{7BC279C3-FAA1-4759-8901-1135FC073315} = {5724D28B-647C-4D9E-9C33-7D4638F1E93C}
		{FAC624F5-C24C-4CEA-B484-0D4B7714235B} = {0AECABC7-EBEE-4ABB-9694-ACCE69B3309F}
		{40C85C42-92C9-417E-8E6F-3474E22B6993} = {FAC624F5-C24C-4CEA-B484-0D4B7714235B}
		{FFFA7323-BD37-486C-8288-4EF9A8759282} = {FAC624F5-C24C-4CEA-B484-0D4B7714235B}
		{8C289A9D-60E5-4230-B644-AE0F8781EA5C} = {212440E6-049F-42C3-90A0-24B00D1B7115}
		{7E7E4BAE-531D-4C5B-8CA5-512322DE28F5} = {ABC77BF6-5295-4579-AB7D-75118F0F1527}
		{5CC1EA1E-4EAC-4EBD-BBF0-B71E984B8A7E} = {7E7E4BAE-531D-4C5B-8CA5-512322DE28F5}
		{FA6FA8F3-9EEB-48F7-9176-E5BAFB3E2B7E} = {5CC1EA1E-4EAC-4EBD-BBF0-B71E984B8A7E}
		{7F4079BE-97FE-4B70-8B21-81CC2DED0611} = {5CC1EA1E-4EAC-4EBD-BBF0-B71E984B8A7E}
		{A958A167-D605-4A4B-94CB-1AFC2FDEF3CE} = {0AECABC7-EBEE-4ABB-9694-ACCE69B3309F}
		{62C1BDA4-479A-4782-8813-49CC0A0EC7C8} = {A958A167-D605-4A4B-94CB-1AFC2FDEF3CE}
		{BBB66E62-876F-4364-8047-7D13F30254A8} = {A958A167-D605-4A4B-94CB-1AFC2FDEF3CE}
	EndGlobalSection
	GlobalSection(ExtensibilityGlobals) = postSolution
		SolutionGuid = {6106236B-E823-480F-863C-5E8BFF61C184}
	EndGlobalSection
EndGlobal
